
Microsoft Visual Studio Solution File, Format Version 12.00
# Visual Studio Version 17
VisualStudioVersion = 17.0.31912.275
MinimumVisualStudioVersion = 10.0.40219.1
Project("{9A19103F-16F7-4668-BE54-9A1E7A4F7556}") = "PetTracker.Web", "PetTracker.Web\PetTracker.Web.csproj", "{483B91D4-9659-40C7-8217-5F67A55FD57C}"
EndProject
Project("{FAE04EC0-301F-11D3-BF4B-00C04F79EFBC}") = "PetTracker.Api", "PetTracker.Api\PetTracker.Api.csproj", "{A82CBD07-BF00-44D0-8AF9-8381638A63FD}"
EndProject
Global
	GlobalSection(SolutionConfigurationPlatforms) = preSolution
		Debug|Any CPU = Debug|Any CPU
		Release|Any CPU = Release|Any CPU
	EndGlobalSection
	GlobalSection(ProjectConfigurationPlatforms) = postSolution
		{483B91D4-9659-40C7-8217-5F67A55FD57C}.Debug|Any CPU.ActiveCfg = Debug|Any CPU
		{483B91D4-9659-40C7-8217-5F67A55FD57C}.Debug|Any CPU.Build.0 = Debug|Any CPU
		{483B91D4-9659-40C7-8217-5F67A55FD57C}.Release|Any CPU.ActiveCfg = Release|Any CPU
		{483B91D4-9659-40C7-8217-5F67A55FD57C}.Release|Any CPU.Build.0 = Release|Any CPU
		{A82CBD07-BF00-44D0-8AF9-8381638A63FD}.Debug|Any CPU.ActiveCfg = Debug|Any CPU
		{A82CBD07-BF00-44D0-8AF9-8381638A63FD}.Debug|Any CPU.Build.0 = Debug|Any CPU
		{A82CBD07-BF00-44D0-8AF9-8381638A63FD}.Release|Any CPU.ActiveCfg = Release|Any CPU
		{A82CBD07-BF00-44D0-8AF9-8381638A63FD}.Release|Any CPU.Build.0 = Release|Any CPU
	EndGlobalSection
	GlobalSection(SolutionProperties) = preSolution
		HideSolutionNode = FALSE
	EndGlobalSection
	GlobalSection(ExtensibilityGlobals) = postSolution
		SolutionGuid = {471BACA9-F42E-41E5-A5CF-EF26E621EB0A}
	EndGlobalSection
EndGlobal
